// !$*UTF8*$!
{
	archiveVersion = 1;
	classes = {
	};
	objectVersion = 55;
	objects = {

/* Begin PBXBuildFile section */
		A60462C12896C5B3008276E7 /* ImagePicker.swift in Sources */ = {isa = PBXBuildFile; fileRef = A60462C02896C5B3008276E7 /* ImagePicker.swift */; };
		A62FCEF9289E5FD800B88D9C /* PostCommentView.swift in Sources */ = {isa = PBXBuildFile; fileRef = A62FCEF8289E5FD800B88D9C /* PostCommentView.swift */; };
		A62FCEFB289E61E800B88D9C /* UserProfileView.swift in Sources */ = {isa = PBXBuildFile; fileRef = A62FCEFA289E61E800B88D9C /* UserProfileView.swift */; };
		A62FCF00289EA7EF00B88D9C /* LaboView.swift in Sources */ = {isa = PBXBuildFile; fileRef = A62FCEFF289EA7EF00B88D9C /* LaboView.swift */; };
		A62FCF03289EAC0400B88D9C /* RefreshableScrollView in Frameworks */ = {isa = PBXBuildFile; productRef = A62FCF02289EAC0400B88D9C /* RefreshableScrollView */; };
		A641A3C8289679A10016041C /* InsutaguramuSwiftApp.swift in Sources */ = {isa = PBXBuildFile; fileRef = A641A3C7289679A10016041C /* InsutaguramuSwiftApp.swift */; };
		A641A3CA289679A10016041C /* ContentView.swift in Sources */ = {isa = PBXBuildFile; fileRef = A641A3C9289679A10016041C /* ContentView.swift */; };
		A641A3CC289679A30016041C /* Assets.xcassets in Resources */ = {isa = PBXBuildFile; fileRef = A641A3CB289679A30016041C /* Assets.xcassets */; };
		A641A3CF289679A30016041C /* Preview Assets.xcassets in Resources */ = {isa = PBXBuildFile; fileRef = A641A3CE289679A30016041C /* Preview Assets.xcassets */; };
		A641A3D728967A430016041C /* FirebaseAuth in Frameworks */ = {isa = PBXBuildFile; productRef = A641A3D628967A430016041C /* FirebaseAuth */; };
		A641A3D928967A430016041C /* FirebaseFirestore in Frameworks */ = {isa = PBXBuildFile; productRef = A641A3D828967A430016041C /* FirebaseFirestore */; };
		A641A3DB28967A430016041C /* FirebaseFirestoreSwift-Beta in Frameworks */ = {isa = PBXBuildFile; productRef = A641A3DA28967A430016041C /* FirebaseFirestoreSwift-Beta */; };
		A641A3DD28967A430016041C /* FirebaseStorage in Frameworks */ = {isa = PBXBuildFile; productRef = A641A3DC28967A430016041C /* FirebaseStorage */; };
		A641A3DF28967AC00016041C /* GoogleService-Info.plist in Resources */ = {isa = PBXBuildFile; fileRef = A641A3DE28967ABF0016041C /* GoogleService-Info.plist */; };
		A641A3E1289681510016041C /* LoginView.swift in Sources */ = {isa = PBXBuildFile; fileRef = A641A3E0289681510016041C /* LoginView.swift */; };
		A641A3E3289681640016041C /* MainTabView.swift in Sources */ = {isa = PBXBuildFile; fileRef = A641A3E2289681640016041C /* MainTabView.swift */; };
		A641A3E52896817D0016041C /* MainPostsView.swift in Sources */ = {isa = PBXBuildFile; fileRef = A641A3E42896817D0016041C /* MainPostsView.swift */; };
		A641A3E92896888A0016041C /* AuthViewModel.swift in Sources */ = {isa = PBXBuildFile; fileRef = A641A3E82896888A0016041C /* AuthViewModel.swift */; };
		A641A3EB289689510016041C /* Models.swift in Sources */ = {isa = PBXBuildFile; fileRef = A641A3EA289689510016041C /* Models.swift */; };
		A6C338BB2896DB50008D37FD /* SDWebImageSwiftUI in Frameworks */ = {isa = PBXBuildFile; productRef = A6C338BA2896DB50008D37FD /* SDWebImageSwiftUI */; };
		A6C338BD2897DD3E008D37FD /* UploadPost.swift in Sources */ = {isa = PBXBuildFile; fileRef = A6C338BC2897DD3E008D37FD /* UploadPost.swift */; };
		A6C338BF289A7A0D008D37FD /* README.md in Resources */ = {isa = PBXBuildFile; fileRef = A6C338BE289A7A0D008D37FD /* README.md */; };
		A6CF37A8289FE4C0006B570A /* MainRecentMessagesView.swift in Sources */ = {isa = PBXBuildFile; fileRef = A6CF37A7289FE4C0006B570A /* MainRecentMessagesView.swift */; };
/* End PBXBuildFile section */

/* Begin PBXFileReference section */
		A60462C02896C5B3008276E7 /* ImagePicker.swift */ = {isa = PBXFileReference; fileEncoding = 4; lastKnownFileType = sourcecode.swift; path = ImagePicker.swift; sourceTree = "<group>"; };
		A62FCEF8289E5FD800B88D9C /* PostCommentView.swift */ = {isa = PBXFileReference; lastKnownFileType = sourcecode.swift; path = PostCommentView.swift; sourceTree = "<group>"; };
		A62FCEFA289E61E800B88D9C /* UserProfileView.swift */ = {isa = PBXFileReference; lastKnownFileType = sourcecode.swift; path = UserProfileView.swift; sourceTree = "<group>"; };
		A62FCEFF289EA7EF00B88D9C /* LaboView.swift */ = {isa = PBXFileReference; lastKnownFileType = sourcecode.swift; path = LaboView.swift; sourceTree = "<group>"; };
		A641A3C4289679A10016041C /* InsutaguramuSwift.app */ = {isa = PBXFileReference; explicitFileType = wrapper.application; includeInIndex = 0; path = InsutaguramuSwift.app; sourceTree = BUILT_PRODUCTS_DIR; };
		A641A3C7289679A10016041C /* InsutaguramuSwiftApp.swift */ = {isa = PBXFileReference; lastKnownFileType = sourcecode.swift; path = InsutaguramuSwiftApp.swift; sourceTree = "<group>"; };
		A641A3C9289679A10016041C /* ContentView.swift */ = {isa = PBXFileReference; lastKnownFileType = sourcecode.swift; path = ContentView.swift; sourceTree = "<group>"; };
		A641A3CB289679A30016041C /* Assets.xcassets */ = {isa = PBXFileReference; lastKnownFileType = folder.assetcatalog; path = Assets.xcassets; sourceTree = "<group>"; };
		A641A3CE289679A30016041C /* Preview Assets.xcassets */ = {isa = PBXFileReference; lastKnownFileType = folder.assetcatalog; path = "Preview Assets.xcassets"; sourceTree = "<group>"; };
		A641A3DE28967ABF0016041C /* GoogleService-Info.plist */ = {isa = PBXFileReference; fileEncoding = 4; lastKnownFileType = text.plist.xml; path = "GoogleService-Info.plist"; sourceTree = "<group>"; };
		A641A3E0289681510016041C /* LoginView.swift */ = {isa = PBXFileReference; lastKnownFileType = sourcecode.swift; path = LoginView.swift; sourceTree = "<group>"; };
		A641A3E2289681640016041C /* MainTabView.swift */ = {isa = PBXFileReference; lastKnownFileType = sourcecode.swift; path = MainTabView.swift; sourceTree = "<group>"; };
		A641A3E42896817D0016041C /* MainPostsView.swift */ = {isa = PBXFileReference; lastKnownFileType = sourcecode.swift; path = MainPostsView.swift; sourceTree = "<group>"; };
		A641A3E82896888A0016041C /* AuthViewModel.swift */ = {isa = PBXFileReference; lastKnownFileType = sourcecode.swift; path = AuthViewModel.swift; sourceTree = "<group>"; };
		A641A3EA289689510016041C /* Models.swift */ = {isa = PBXFileReference; lastKnownFileType = sourcecode.swift; path = Models.swift; sourceTree = "<group>"; };
		A6C338BC2897DD3E008D37FD /* UploadPost.swift */ = {isa = PBXFileReference; lastKnownFileType = sourcecode.swift; path = UploadPost.swift; sourceTree = "<group>"; };
		A6C338BE289A7A0D008D37FD /* README.md */ = {isa = PBXFileReference; lastKnownFileType = net.daringfireball.markdown; path = README.md; sourceTree = "<group>"; };
		A6CF37A7289FE4C0006B570A /* MainRecentMessagesView.swift */ = {isa = PBXFileReference; lastKnownFileType = sourcecode.swift; path = MainRecentMessagesView.swift; sourceTree = "<group>"; };
/* End PBXFileReference section */

/* Begin PBXFrameworksBuildPhase section */
		A641A3C1289679A10016041C /* Frameworks */ = {
			isa = PBXFrameworksBuildPhase;
			buildActionMask = 2147483647;
			files = (
				A6C338BB2896DB50008D37FD /* SDWebImageSwiftUI in Frameworks */,
				A641A3DB28967A430016041C /* FirebaseFirestoreSwift-Beta in Frameworks */,
				A641A3DD28967A430016041C /* FirebaseStorage in Frameworks */,
				A641A3D728967A430016041C /* FirebaseAuth in Frameworks */,
				A62FCF03289EAC0400B88D9C /* RefreshableScrollView in Frameworks */,
				A641A3D928967A430016041C /* FirebaseFirestore in Frameworks */,
			);
			runOnlyForDeploymentPostprocessing = 0;
		};
/* End PBXFrameworksBuildPhase section */

/* Begin PBXGroup section */
		A641A3BB289679A00016041C = {
			isa = PBXGroup;
			children = (
				A6C338BE289A7A0D008D37FD /* README.md */,
				A641A3C6289679A10016041C /* InsutaguramuSwift */,
				A641A3C5289679A10016041C /* Products */,
			);
			sourceTree = "<group>";
		};
		A641A3C5289679A10016041C /* Products */ = {
			isa = PBXGroup;
			children = (
				A641A3C4289679A10016041C /* InsutaguramuSwift.app */,
			);
			name = Products;
			sourceTree = "<group>";
		};
		A641A3C6289679A10016041C /* InsutaguramuSwift */ = {
			isa = PBXGroup;
			children = (
				A641A3DE28967ABF0016041C /* GoogleService-Info.plist */,
				A641A3C7289679A10016041C /* InsutaguramuSwiftApp.swift */,
				A641A3C9289679A10016041C /* ContentView.swift */,
				A60462C02896C5B3008276E7 /* ImagePicker.swift */,
				A641A3E0289681510016041C /* LoginView.swift */,
				A6CF37A7289FE4C0006B570A /* MainRecentMessagesView.swift */,
				A6C338BC2897DD3E008D37FD /* UploadPost.swift */,
				A641A3E82896888A0016041C /* AuthViewModel.swift */,
				A641A3E2289681640016041C /* MainTabView.swift */,
				A641A3EA289689510016041C /* Models.swift */,
				A641A3E42896817D0016041C /* MainPostsView.swift */,
				A62FCEFA289E61E800B88D9C /* UserProfileView.swift */,
				A62FCEF8289E5FD800B88D9C /* PostCommentView.swift */,
				A62FCEFF289EA7EF00B88D9C /* LaboView.swift */,
				A641A3CB289679A30016041C /* Assets.xcassets */,
				A641A3CD289679A30016041C /* Preview Content */,
			);
			path = InsutaguramuSwift;
			sourceTree = "<group>";
		};
		A641A3CD289679A30016041C /* Preview Content */ = {
			isa = PBXGroup;
			children = (
				A641A3CE289679A30016041C /* Preview Assets.xcassets */,
			);
			path = "Preview Content";
			sourceTree = "<group>";
		};
/* End PBXGroup section */

/* Begin PBXNativeTarget section */
		A641A3C3289679A10016041C /* InsutaguramuSwift */ = {
			isa = PBXNativeTarget;
			buildConfigurationList = A641A3D2289679A30016041C /* Build configuration list for PBXNativeTarget "InsutaguramuSwift" */;
			buildPhases = (
				A641A3C0289679A10016041C /* Sources */,
				A641A3C1289679A10016041C /* Frameworks */,
				A641A3C2289679A10016041C /* Resources */,
			);
			buildRules = (
			);
			dependencies = (
			);
			name = InsutaguramuSwift;
			packageProductDependencies = (
				A641A3D628967A430016041C /* FirebaseAuth */,
				A641A3D828967A430016041C /* FirebaseFirestore */,
				A641A3DA28967A430016041C /* FirebaseFirestoreSwift-Beta */,
				A641A3DC28967A430016041C /* FirebaseStorage */,
				A6C338BA2896DB50008D37FD /* SDWebImageSwiftUI */,
				A62FCF02289EAC0400B88D9C /* RefreshableScrollView */,
			);
			productName = InsutaguramuSwift;
			productReference = A641A3C4289679A10016041C /* InsutaguramuSwift.app */;
			productType = "com.apple.product-type.application";
		};
/* End PBXNativeTarget section */

/* Begin PBXProject section */
		A641A3BC289679A10016041C /* Project object */ = {
			isa = PBXProject;
			attributes = {
				BuildIndependentTargetsInParallel = 1;
				LastSwiftUpdateCheck = 1330;
				LastUpgradeCheck = 1330;
				TargetAttributes = {
					A641A3C3289679A10016041C = {
						CreatedOnToolsVersion = 13.3.1;
					};
				};
			};
			buildConfigurationList = A641A3BF289679A10016041C /* Build configuration list for PBXProject "InsutaguramuSwift" */;
			compatibilityVersion = "Xcode 13.0";
			developmentRegion = en;
			hasScannedForEncodings = 0;
			knownRegions = (
				en,
				Base,
			);
			mainGroup = A641A3BB289679A00016041C;
			packageReferences = (
				A641A3D528967A430016041C /* XCRemoteSwiftPackageReference "firebase-ios-sdk" */,
				A6C338B92896DB50008D37FD /* XCRemoteSwiftPackageReference "SDWebImageSwiftUI" */,
				A62FCF01289EAC0400B88D9C /* XCRemoteSwiftPackageReference "RefreshableScrollView" */,
			);
			productRefGroup = A641A3C5289679A10016041C /* Products */;
			projectDirPath = "";
			projectRoot = "";
			targets = (
				A641A3C3289679A10016041C /* InsutaguramuSwift */,
			);
		};
/* End PBXProject section */

/* Begin PBXResourcesBuildPhase section */
		A641A3C2289679A10016041C /* Resources */ = {
			isa = PBXResourcesBuildPhase;
			buildActionMask = 2147483647;
			files = (
				A641A3CF289679A30016041C /* Preview Assets.xcassets in Resources */,
				A641A3CC289679A30016041C /* Assets.xcassets in Resources */,
				A6C338BF289A7A0D008D37FD /* README.md in Resources */,
				A641A3DF28967AC00016041C /* GoogleService-Info.plist in Resources */,
			);
			runOnlyForDeploymentPostprocessing = 0;
		};
/* End PBXResourcesBuildPhase section */

/* Begin PBXSourcesBuildPhase section */
		A641A3C0289679A10016041C /* Sources */ = {
			isa = PBXSourcesBuildPhase;
			buildActionMask = 2147483647;
			files = (
				A6C338BD2897DD3E008D37FD /* UploadPost.swift in Sources */,
				A62FCEF9289E5FD800B88D9C /* PostCommentView.swift in Sources */,
				A62FCF00289EA7EF00B88D9C /* LaboView.swift in Sources */,
				A641A3E1289681510016041C /* LoginView.swift in Sources */,
				A641A3CA289679A10016041C /* ContentView.swift in Sources */,
				A641A3C8289679A10016041C /* InsutaguramuSwiftApp.swift in Sources */,
				A60462C12896C5B3008276E7 /* ImagePicker.swift in Sources */,
				A6CF37A8289FE4C0006B570A /* MainRecentMessagesView.swift in Sources */,
				A641A3EB289689510016041C /* Models.swift in Sources */,
				A62FCEFB289E61E800B88D9C /* UserProfileView.swift in Sources */,
				A641A3E92896888A0016041C /* AuthViewModel.swift in Sources */,
				A641A3E52896817D0016041C /* MainPostsView.swift in Sources */,
				A641A3E3289681640016041C /* MainTabView.swift in Sources */,
			);
			runOnlyForDeploymentPostprocessing = 0;
		};
/* End PBXSourcesBuildPhase section */

/* Begin XCBuildConfiguration section */
		A641A3D0289679A30016041C /* Debug */ = {
			isa = XCBuildConfiguration;
			buildSettings = {
				ALWAYS_SEARCH_USER_PATHS = NO;
				CLANG_ANALYZER_NONNULL = YES;
				CLANG_ANALYZER_NUMBER_OBJECT_CONVERSION = YES_AGGRESSIVE;
				CLANG_CXX_LANGUAGE_STANDARD = "gnu++17";
				CLANG_ENABLE_MODULES = YES;
				CLANG_ENABLE_OBJC_ARC = YES;
				CLANG_ENABLE_OBJC_WEAK = YES;
				CLANG_WARN_BLOCK_CAPTURE_AUTORELEASING = YES;
				CLANG_WARN_BOOL_CONVERSION = YES;
				CLANG_WARN_COMMA = YES;
				CLANG_WARN_CONSTANT_CONVERSION = YES;
				CLANG_WARN_DEPRECATED_OBJC_IMPLEMENTATIONS = YES;
				CLANG_WARN_DIRECT_OBJC_ISA_USAGE = YES_ERROR;
				CLANG_WARN_DOCUMENTATION_COMMENTS = YES;
				CLANG_WARN_EMPTY_BODY = YES;
				CLANG_WARN_ENUM_CONVERSION = YES;
				CLANG_WARN_INFINITE_RECURSION = YES;
				CLANG_WARN_INT_CONVERSION = YES;
				CLANG_WARN_NON_LITERAL_NULL_CONVERSION = YES;
				CLANG_WARN_OBJC_IMPLICIT_RETAIN_SELF = YES;
				CLANG_WARN_OBJC_LITERAL_CONVERSION = YES;
				CLANG_WARN_OBJC_ROOT_CLASS = YES_ERROR;
				CLANG_WARN_QUOTED_INCLUDE_IN_FRAMEWORK_HEADER = YES;
				CLANG_WARN_RANGE_LOOP_ANALYSIS = YES;
				CLANG_WARN_STRICT_PROTOTYPES = YES;
				CLANG_WARN_SUSPICIOUS_MOVE = YES;
				CLANG_WARN_UNGUARDED_AVAILABILITY = YES_AGGRESSIVE;
				CLANG_WARN_UNREACHABLE_CODE = YES;
				CLANG_WARN__DUPLICATE_METHOD_MATCH = YES;
				COPY_PHASE_STRIP = NO;
				DEBUG_INFORMATION_FORMAT = dwarf;
				ENABLE_STRICT_OBJC_MSGSEND = YES;
				ENABLE_TESTABILITY = YES;
				GCC_C_LANGUAGE_STANDARD = gnu11;
				GCC_DYNAMIC_NO_PIC = NO;
				GCC_NO_COMMON_BLOCKS = YES;
				GCC_OPTIMIZATION_LEVEL = 0;
				GCC_PREPROCESSOR_DEFINITIONS = (
					"DEBUG=1",
					"$(inherited)",
				);
				GCC_WARN_64_TO_32_BIT_CONVERSION = YES;
				GCC_WARN_ABOUT_RETURN_TYPE = YES_ERROR;
				GCC_WARN_UNDECLARED_SELECTOR = YES;
				GCC_WARN_UNINITIALIZED_AUTOS = YES_AGGRESSIVE;
				GCC_WARN_UNUSED_FUNCTION = YES;
				GCC_WARN_UNUSED_VARIABLE = YES;
				IPHONEOS_DEPLOYMENT_TARGET = 15.4;
				MTL_ENABLE_DEBUG_INFO = INCLUDE_SOURCE;
				MTL_FAST_MATH = YES;
				ONLY_ACTIVE_ARCH = YES;
				SDKROOT = iphoneos;
				SWIFT_ACTIVE_COMPILATION_CONDITIONS = DEBUG;
				SWIFT_OPTIMIZATION_LEVEL = "-Onone";
			};
			name = Debug;
		};
		A641A3D1289679A30016041C /* Release */ = {
			isa = XCBuildConfiguration;
			buildSettings = {
				ALWAYS_SEARCH_USER_PATHS = NO;
				CLANG_ANALYZER_NONNULL = YES;
				CLANG_ANALYZER_NUMBER_OBJECT_CONVERSION = YES_AGGRESSIVE;
				CLANG_CXX_LANGUAGE_STANDARD = "gnu++17";
				CLANG_ENABLE_MODULES = YES;
				CLANG_ENABLE_OBJC_ARC = YES;
				CLANG_ENABLE_OBJC_WEAK = YES;
				CLANG_WARN_BLOCK_CAPTURE_AUTORELEASING = YES;
				CLANG_WARN_BOOL_CONVERSION = YES;
				CLANG_WARN_COMMA = YES;
				CLANG_WARN_CONSTANT_CONVERSION = YES;
				CLANG_WARN_DEPRECATED_OBJC_IMPLEMENTATIONS = YES;
				CLANG_WARN_DIRECT_OBJC_ISA_USAGE = YES_ERROR;
				CLANG_WARN_DOCUMENTATION_COMMENTS = YES;
				CLANG_WARN_EMPTY_BODY = YES;
				CLANG_WARN_ENUM_CONVERSION = YES;
				CLANG_WARN_INFINITE_RECURSION = YES;
				CLANG_WARN_INT_CONVERSION = YES;
				CLANG_WARN_NON_LITERAL_NULL_CONVERSION = YES;
				CLANG_WARN_OBJC_IMPLICIT_RETAIN_SELF = YES;
				CLANG_WARN_OBJC_LITERAL_CONVERSION = YES;
				CLANG_WARN_OBJC_ROOT_CLASS = YES_ERROR;
				CLANG_WARN_QUOTED_INCLUDE_IN_FRAMEWORK_HEADER = YES;
				CLANG_WARN_RANGE_LOOP_ANALYSIS = YES;
				CLANG_WARN_STRICT_PROTOTYPES = YES;
				CLANG_WARN_SUSPICIOUS_MOVE = YES;
				CLANG_WARN_UNGUARDED_AVAILABILITY = YES_AGGRESSIVE;
				CLANG_WARN_UNREACHABLE_CODE = YES;
				CLANG_WARN__DUPLICATE_METHOD_MATCH = YES;
				COPY_PHASE_STRIP = NO;
				DEBUG_INFORMATION_FORMAT = "dwarf-with-dsym";
				ENABLE_NS_ASSERTIONS = NO;
				ENABLE_STRICT_OBJC_MSGSEND = YES;
				GCC_C_LANGUAGE_STANDARD = gnu11;
				GCC_NO_COMMON_BLOCKS = YES;
				GCC_WARN_64_TO_32_BIT_CONVERSION = YES;
				GCC_WARN_ABOUT_RETURN_TYPE = YES_ERROR;
				GCC_WARN_UNDECLARED_SELECTOR = YES;
				GCC_WARN_UNINITIALIZED_AUTOS = YES_AGGRESSIVE;
				GCC_WARN_UNUSED_FUNCTION = YES;
				GCC_WARN_UNUSED_VARIABLE = YES;
				IPHONEOS_DEPLOYMENT_TARGET = 15.4;
				MTL_ENABLE_DEBUG_INFO = NO;
				MTL_FAST_MATH = YES;
				SDKROOT = iphoneos;
				SWIFT_COMPILATION_MODE = wholemodule;
				SWIFT_OPTIMIZATION_LEVEL = "-O";
				VALIDATE_PRODUCT = YES;
			};
			name = Release;
		};
		A641A3D3289679A30016041C /* Debug */ = {
			isa = XCBuildConfiguration;
			buildSettings = {
				ASSETCATALOG_COMPILER_APPICON_NAME = AppIcon;
				ASSETCATALOG_COMPILER_GLOBAL_ACCENT_COLOR_NAME = AccentColor;
				CODE_SIGN_STYLE = Automatic;
				CURRENT_PROJECT_VERSION = 1;
				DEVELOPMENT_ASSET_PATHS = "\"InsutaguramuSwift/Preview Content\"";
				ENABLE_PREVIEWS = YES;
				GENERATE_INFOPLIST_FILE = YES;
				INFOPLIST_KEY_UIApplicationSceneManifest_Generation = YES;
				INFOPLIST_KEY_UIApplicationSupportsIndirectInputEvents = YES;
				INFOPLIST_KEY_UILaunchScreen_Generation = YES;
				INFOPLIST_KEY_UISupportedInterfaceOrientations_iPad = "UIInterfaceOrientationPortrait UIInterfaceOrientationPortraitUpsideDown UIInterfaceOrientationLandscapeLeft UIInterfaceOrientationLandscapeRight";
				INFOPLIST_KEY_UISupportedInterfaceOrientations_iPhone = "UIInterfaceOrientationPortrait UIInterfaceOrientationLandscapeLeft UIInterfaceOrientationLandscapeRight";
				LD_RUNPATH_SEARCH_PATHS = (
					"$(inherited)",
					"@executable_path/Frameworks",
				);
				MARKETING_VERSION = 1.0;
				PRODUCT_BUNDLE_IDENTIFIER = com.jun.InsutaguramuSwift;
				PRODUCT_NAME = "$(TARGET_NAME)";
				SWIFT_EMIT_LOC_STRINGS = YES;
				SWIFT_VERSION = 5.0;
				TARGETED_DEVICE_FAMILY = "1,2";
			};
			name = Debug;
		};
		A641A3D4289679A30016041C /* Release */ = {
			isa = XCBuildConfiguration;
			buildSettings = {
				ASSETCATALOG_COMPILER_APPICON_NAME = AppIcon;
				ASSETCATALOG_COMPILER_GLOBAL_ACCENT_COLOR_NAME = AccentColor;
				CODE_SIGN_STYLE = Automatic;
				CURRENT_PROJECT_VERSION = 1;
				DEVELOPMENT_ASSET_PATHS = "\"InsutaguramuSwift/Preview Content\"";
				ENABLE_PREVIEWS = YES;
				GENERATE_INFOPLIST_FILE = YES;
				INFOPLIST_KEY_UIApplicationSceneManifest_Generation = YES;
				INFOPLIST_KEY_UIApplicationSupportsIndirectInputEvents = YES;
				INFOPLIST_KEY_UILaunchScreen_Generation = YES;
				INFOPLIST_KEY_UISupportedInterfaceOrientations_iPad = "UIInterfaceOrientationPortrait UIInterfaceOrientationPortraitUpsideDown UIInterfaceOrientationLandscapeLeft UIInterfaceOrientationLandscapeRight";
				INFOPLIST_KEY_UISupportedInterfaceOrientations_iPhone = "UIInterfaceOrientationPortrait UIInterfaceOrientationLandscapeLeft UIInterfaceOrientationLandscapeRight";
				LD_RUNPATH_SEARCH_PATHS = (
					"$(inherited)",
					"@executable_path/Frameworks",
				);
				MARKETING_VERSION = 1.0;
				PRODUCT_BUNDLE_IDENTIFIER = com.jun.InsutaguramuSwift;
				PRODUCT_NAME = "$(TARGET_NAME)";
				SWIFT_EMIT_LOC_STRINGS = YES;
				SWIFT_VERSION = 5.0;
				TARGETED_DEVICE_FAMILY = "1,2";
			};
			name = Release;
		};
/* End XCBuildConfiguration section */

/* Begin XCConfigurationList section */
		A641A3BF289679A10016041C /* Build configuration list for PBXProject "InsutaguramuSwift" */ = {
			isa = XCConfigurationList;
			buildConfigurations = (
				A641A3D0289679A30016041C /* Debug */,
				A641A3D1289679A30016041C /* Release */,
			);
			defaultConfigurationIsVisible = 0;
			defaultConfigurationName = Release;
		};
		A641A3D2289679A30016041C /* Build configuration list for PBXNativeTarget "InsutaguramuSwift" */ = {
			isa = XCConfigurationList;
			buildConfigurations = (
				A641A3D3289679A30016041C /* Debug */,
				A641A3D4289679A30016041C /* Release */,
			);
			defaultConfigurationIsVisible = 0;
			defaultConfigurationName = Release;
		};
/* End XCConfigurationList section */

/* Begin XCRemoteSwiftPackageReference section */
		A62FCF01289EAC0400B88D9C /* XCRemoteSwiftPackageReference "RefreshableScrollView" */ = {
			isa = XCRemoteSwiftPackageReference;
			repositoryURL = "https://github.com/Q42/RefreshableScrollView.git";
			requirement = {
				branch = main;
				kind = branch;
			};
		};
		A641A3D528967A430016041C /* XCRemoteSwiftPackageReference "firebase-ios-sdk" */ = {
			isa = XCRemoteSwiftPackageReference;
			repositoryURL = "https://github.com/firebase/firebase-ios-sdk";
			requirement = {
				kind = versionRange;
				maximumVersion = 9.0.0;
				minimumVersion = 8.0.0;
			};
		};
		A6C338B92896DB50008D37FD /* XCRemoteSwiftPackageReference "SDWebImageSwiftUI" */ = {
			isa = XCRemoteSwiftPackageReference;
			repositoryURL = "https://github.com/SDWebImage/SDWebImageSwiftUI.git";
			requirement = {
				branch = master;
				kind = branch;
			};
		};
/* End XCRemoteSwiftPackageReference section */

/* Begin XCSwiftPackageProductDependency section */
		A62FCF02289EAC0400B88D9C /* RefreshableScrollView */ = {
			isa = XCSwiftPackageProductDependency;
			package = A62FCF01289EAC0400B88D9C /* XCRemoteSwiftPackageReference "RefreshableScrollView" */;
			productName = RefreshableScrollView;
		};
		A641A3D628967A430016041C /* FirebaseAuth */ = {
			isa = XCSwiftPackageProductDependency;
			package = A641A3D528967A430016041C /* XCRemoteSwiftPackageReference "firebase-ios-sdk" */;
			productName = FirebaseAuth;
		};
		A641A3D828967A430016041C /* FirebaseFirestore */ = {
			isa = XCSwiftPackageProductDependency;
			package = A641A3D528967A430016041C /* XCRemoteSwiftPackageReference "firebase-ios-sdk" */;
			productName = FirebaseFirestore;
		};
		A641A3DA28967A430016041C /* FirebaseFirestoreSwift-Beta */ = {
			isa = XCSwiftPackageProductDependency;
			package = A641A3D528967A430016041C /* XCRemoteSwiftPackageReference "firebase-ios-sdk" */;
			productName = "FirebaseFirestoreSwift-Beta";
		};
		A641A3DC28967A430016041C /* FirebaseStorage */ = {
			isa = XCSwiftPackageProductDependency;
			package = A641A3D528967A430016041C /* XCRemoteSwiftPackageReference "firebase-ios-sdk" */;
			productName = FirebaseStorage;
		};
		A6C338BA2896DB50008D37FD /* SDWebImageSwiftUI */ = {
			isa = XCSwiftPackageProductDependency;
			package = A6C338B92896DB50008D37FD /* XCRemoteSwiftPackageReference "SDWebImageSwiftUI" */;
			productName = SDWebImageSwiftUI;
		};
/* End XCSwiftPackageProductDependency section */
	};
	rootObject = A641A3BC289679A10016041C /* Project object */;
}
